uuid: 4b4bf235-d75b-4a25-b3c9-10512bb7dd41
langcode: en
status: true
dependencies:
  content:
    - 'block_content:basic:1eeb86ad-c90d-45ea-8e1f-de2e37fb5ad3'
  module:
    - block_content
  theme:
    - bartik
id: basicblock
theme: bartik
region: content
weight: 0
provider: null
plugin: 'block_content:1eeb86ad-c90d-45ea-8e1f-de2e37fb5ad3'
settings:
  id: 'block_content:1eeb86ad-c90d-45ea-8e1f-de2e37fb5ad3'
  label: 'Basic block'
  provider: block_content
  label_display: visible
  status: true
  info: ''
  view_mode: full
visibility: {  }
